
Microsoft Visual Studio Solution File, Format Version 12.00
Project("{FAE04EC0-301F-11D3-BF4B-00C04F79EFBC}") = "Gateway", "Gateway\Gateway.csproj", "{CDCD7804-7CA5-4C68-942F-18C39E411DC7}"
EndProject
Project("{2150E333-8FDC-42A3-9474-1A3956D46DE8}") = "Solution Items", "Solution Items", "{3BCF9004-BCDF-4901-A31F-6588CB7B33A2}"
	ProjectSection(SolutionItems) = preProject
		docker-compose.yml = docker-compose.yml
	EndProjectSection
EndProject
Global
	GlobalSection(SolutionConfigurationPlatforms) = preSolution
		Debug|Any CPU = Debug|Any CPU
		Release|Any CPU = Release|Any CPU
	EndGlobalSection
	GlobalSection(ProjectConfigurationPlatforms) = postSolution
		{CDCD7804-7CA5-4C68-942F-18C39E411DC7}.Debug|Any CPU.ActiveCfg = Debug|Any CPU
		{CDCD7804-7CA5-4C68-942F-18C39E411DC7}.Debug|Any CPU.Build.0 = Debug|Any CPU
		{CDCD7804-7CA5-4C68-942F-18C39E411DC7}.Release|Any CPU.ActiveCfg = Release|Any CPU
		{CDCD7804-7CA5-4C68-942F-18C39E411DC7}.Release|Any CPU.Build.0 = Release|Any CPU
	EndGlobalSection
EndGlobal
